
Microsoft Visual Studio Solution File, Format Version 12.00
Project("{FAE04EC0-301F-11D3-BF4B-00C04F79EFBC}") = "ApiGateway", "ApiGateway\ApiGateway.csproj", "{91C9B118-F155-44D4-8039-DC12A2A4E828}"
EndProject
Global
	GlobalSection(SolutionConfigurationPlatforms) = preSolution
		Debug|Any CPU = Debug|Any CPU
		Release|Any CPU = Release|Any CPU
	EndGlobalSection
	GlobalSection(ProjectConfigurationPlatforms) = postSolution
		{91C9B118-F155-44D4-8039-DC12A2A4E828}.Debug|Any CPU.ActiveCfg = Debug|Any CPU
		{91C9B118-F155-44D4-8039-DC12A2A4E828}.Debug|Any CPU.Build.0 = Debug|Any CPU
		{91C9B118-F155-44D4-8039-DC12A2A4E828}.Release|Any CPU.ActiveCfg = Release|Any CPU
		{91C9B118-F155-44D4-8039-DC12A2A4E828}.Release|Any CPU.Build.0 = Release|Any CPU
	EndGlobalSection
EndGlobal
