
Microsoft Visual Studio Solution File, Format Version 12.00
Project("{FAE04EC0-301F-11D3-BF4B-00C04F79EFBC}") = "Order.API", "Order.API\Order.API.csproj", "{E27AF4F6-97E2-4679-9DF9-FCFE3684DB14}"
EndProject
Project("{FAE04EC0-301F-11D3-BF4B-00C04F79EFBC}") = "Order.Application", "Order.Application\Order.Application.csproj", "{4EF07E24-A97F-426E-B0FF-3146C5FEAC53}"
EndProject
Project("{FAE04EC0-301F-11D3-BF4B-00C04F79EFBC}") = "Order.Domain", "Order.Domain\Order.Domain.csproj", "{AE9BA468-389C-4330-8777-D9F4185A6AAC}"
EndProject
Project("{FAE04EC0-301F-11D3-BF4B-00C04F79EFBC}") = "Order.Infrastructure", "Order.Infrastructure\Order.Infrastructure.csproj", "{5652E29A-B323-4DBE-9614-399008DE477A}"
EndProject
Global
	GlobalSection(SolutionConfigurationPlatforms) = preSolution
		Debug|Any CPU = Debug|Any CPU
		Release|Any CPU = Release|Any CPU
	EndGlobalSection
	GlobalSection(ProjectConfigurationPlatforms) = postSolution
		{E27AF4F6-97E2-4679-9DF9-FCFE3684DB14}.Debug|Any CPU.ActiveCfg = Debug|Any CPU
		{E27AF4F6-97E2-4679-9DF9-FCFE3684DB14}.Debug|Any CPU.Build.0 = Debug|Any CPU
		{E27AF4F6-97E2-4679-9DF9-FCFE3684DB14}.Release|Any CPU.ActiveCfg = Release|Any CPU
		{E27AF4F6-97E2-4679-9DF9-FCFE3684DB14}.Release|Any CPU.Build.0 = Release|Any CPU
		{4EF07E24-A97F-426E-B0FF-3146C5FEAC53}.Debug|Any CPU.ActiveCfg = Debug|Any CPU
		{4EF07E24-A97F-426E-B0FF-3146C5FEAC53}.Debug|Any CPU.Build.0 = Debug|Any CPU
		{4EF07E24-A97F-426E-B0FF-3146C5FEAC53}.Release|Any CPU.ActiveCfg = Release|Any CPU
		{4EF07E24-A97F-426E-B0FF-3146C5FEAC53}.Release|Any CPU.Build.0 = Release|Any CPU
		{AE9BA468-389C-4330-8777-D9F4185A6AAC}.Debug|Any CPU.ActiveCfg = Debug|Any CPU
		{AE9BA468-389C-4330-8777-D9F4185A6AAC}.Debug|Any CPU.Build.0 = Debug|Any CPU
		{AE9BA468-389C-4330-8777-D9F4185A6AAC}.Release|Any CPU.ActiveCfg = Release|Any CPU
		{AE9BA468-389C-4330-8777-D9F4185A6AAC}.Release|Any CPU.Build.0 = Release|Any CPU
		{5652E29A-B323-4DBE-9614-399008DE477A}.Debug|Any CPU.ActiveCfg = Debug|Any CPU
		{5652E29A-B323-4DBE-9614-399008DE477A}.Debug|Any CPU.Build.0 = Debug|Any CPU
		{5652E29A-B323-4DBE-9614-399008DE477A}.Release|Any CPU.ActiveCfg = Release|Any CPU
		{5652E29A-B323-4DBE-9614-399008DE477A}.Release|Any CPU.Build.0 = Release|Any CPU
	EndGlobalSection
EndGlobal
